lockfileVersion: '9.0'

settings:
  autoInstallPeers: true
  excludeLinksFromLockfile: false

importers:

  .:
    dependencies:
      '@hocuspocus/server':
        specifier: ^4.4.0
        version: 4.4.0(y-protocols@1.0.7(yjs@13.6.31))(yjs@13.6.31)

packages:

  '@hocuspocus/common@4.4.0':
    resolution: {integrity: sha512-cPSlPu/ws2JzBHW6OzctyaQMyDCq/YUS4nhXSbyMdkQwJzhjCkvfmmRnVtcmgLR3TBLaNwToNDwR/mNaJFOYsg==}

  '@hocuspocus/server@4.4.0':
    resolution: {integrity: sha512-eVSnx+76CN81vaRol+OlT8FyyGFOBF9Z+kdJQhjVXRpj3kIAI1TzuRHKiZN1vkUogdHfmOAN5Bhs5v7V/qhMkQ==}
    engines: {node: '>=22'}
    peerDependencies:
      y-protocols: ^1.0.6
      yjs: ^13.6.8

  async-mutex@0.5.0:
    resolution: {integrity: sha512-1A94B18jkJ3DYq284ohPxoXbfTA5HsQ7/Mf4DEhcyLx3Bz27Rh59iScbB6EPiP+B+joue6YCxcMXSbFC1tZKwA==}

  crossws@0.4.10:
    resolution: {integrity: sha512-pz3oubH/dt12KjqsUB0IuXW4nwRDQ583iDsP4555Cpdqx0NoU7pGlWBcayyFI8f/l/idRpgjMEfwuOxSWJYlIA==}
    peerDependencies:
      srvx: '>=0.11.5'
    peerDependenciesMeta:
      srvx:
        optional: true

  isomorphic.js@0.2.5:
    resolution: {integrity: sha512-PIeMbHqMt4DnUP3MA/Flc0HElYjMXArsw1qwJZcm9sqR8mq3l8NYizFMty0pWwE/tzIGH3EKK5+jes5mAr85yw==}

  kleur@4.1.5:
    resolution: {integrity: sha512-o+NO+8WrRiQEE4/7nwRJhN1HWpVmJm511pBHUxPLtp0BUISzlBplORYSmTclCnJvQq2tKu/sgl3xVpkc7ZWuQQ==}
    engines: {node: '>=6'}

  lib0@0.2.117:
    resolution: {integrity: sha512-DeXj9X5xDCjgKLU/7RR+/HQEVzuuEUiwldwOGsHK/sfAfELGWEyTcf0x+uOvCvK3O2zPmZePXWL85vtia6GyZw==}
    engines: {node: '>=16'}
    hasBin: true

  tslib@2.8.1:
    resolution: {integrity: sha512-oJFu94HQb+KVduSUQL7wnpmqnfmLsOA/nAh6b6EH0wCEoK0/mPeXU6c3wKDV83MkOuHPRHtSXKKU99IBazS/2w==}

  y-protocols@1.0.7:
    resolution: {integrity: sha512-YSVsLoXxO67J6eE/nV4AtFtT3QEotZf5sK5BHxFBXso7VDUT3Tx07IfA6hsu5Q5OmBdMkQVmFZ9QOA7fikWvnw==}
    engines: {node: '>=16.0.0', npm: '>=8.0.0'}
    peerDependencies:
      yjs: ^13.0.0

  yjs@13.6.31:
    resolution: {integrity: sha512-Eq+5BRfbeGyqGVrTJL3bEcr8gKkxPuyuoHmAwpk52fDb8kOVMrfVSTRPd6yiGgX5Fskb96qCRjzjbRjrL4YEnw==}
    engines: {node: '>=16.0.0', npm: '>=8.0.0'}

snapshots:

  '@hocuspocus/common@4.4.0':
    dependencies:
      lib0: 0.2.117

  '@hocuspocus/server@4.4.0(y-protocols@1.0.7(yjs@13.6.31))(yjs@13.6.31)':
    dependencies:
      '@hocuspocus/common': 4.4.0
      async-mutex: 0.5.0
      crossws: 0.4.10
      kleur: 4.1.5
      lib0: 0.2.117
      y-protocols: 1.0.7(yjs@13.6.31)
      yjs: 13.6.31
    transitivePeerDependencies:
      - srvx

  async-mutex@0.5.0:
    dependencies:
      tslib: 2.8.1

  crossws@0.4.10: {}

  isomorphic.js@0.2.5: {}

  kleur@4.1.5: {}

  lib0@0.2.117:
    dependencies:
      isomorphic.js: 0.2.5

  tslib@2.8.1: {}

  y-protocols@1.0.7(yjs@13.6.31):
    dependencies:
      lib0: 0.2.117
      yjs: 13.6.31

  yjs@13.6.31:
    dependencies:
      lib0: 0.2.117
